
Microsoft Visual Studio Solution File, Format Version 12.00
# Visual Studio Version 17
VisualStudioVersion = 17.1.32210.238
MinimumVisualStudioVersion = 10.0.40219.1
Project("{FAE04EC0-301F-11D3-BF4B-00C04F79EFBC}") = "Aifitness.User.Api", "Aifitness-User-Api\Aifitness.User.Api.csproj", "{D2EE1D08-B671-47C4-8C1A-4EF10B38C2D3}"
EndProject
Project("{FAE04EC0-301F-11D3-BF4B-00C04F79EFBC}") = "Aifitness.User.Service", "Aifitness.User.Service\Aifitness.User.Service.csproj", "{A0B9155B-B6E2-4E73-AACF-0CA1F40AFA56}"
EndProject
Project("{FAE04EC0-301F-11D3-BF4B-00C04F79EFBC}") = "Aifitness.User.Data", "Aifitness.User.Data\Aifitness.User.Data.csproj", "{93AEE918-B618-441F-8C88-9B62799E5AAA}"
EndProject
Global
	GlobalSection(SolutionConfigurationPlatforms) = preSolution
		Debug|Any CPU = Debug|Any CPU
		Release|Any CPU = Release|Any CPU
	EndGlobalSection
	GlobalSection(ProjectConfigurationPlatforms) = postSolution
		{D2EE1D08-B671-47C4-8C1A-4EF10B38C2D3}.Debug|Any CPU.ActiveCfg = Debug|Any CPU
		{D2EE1D08-B671-47C4-8C1A-4EF10B38C2D3}.Debug|Any CPU.Build.0 = Debug|Any CPU
		{D2EE1D08-B671-47C4-8C1A-4EF10B38C2D3}.Release|Any CPU.ActiveCfg = Release|Any CPU
		{D2EE1D08-B671-47C4-8C1A-4EF10B38C2D3}.Release|Any CPU.Build.0 = Release|Any CPU
		{A0B9155B-B6E2-4E73-AACF-0CA1F40AFA56}.Debug|Any CPU.ActiveCfg = Debug|Any CPU
		{A0B9155B-B6E2-4E73-AACF-0CA1F40AFA56}.Debug|Any CPU.Build.0 = Debug|Any CPU
		{A0B9155B-B6E2-4E73-AACF-0CA1F40AFA56}.Release|Any CPU.ActiveCfg = Release|Any CPU
		{A0B9155B-B6E2-4E73-AACF-0CA1F40AFA56}.Release|Any CPU.Build.0 = Release|Any CPU
		{93AEE918-B618-441F-8C88-9B62799E5AAA}.Debug|Any CPU.ActiveCfg = Debug|Any CPU
		{93AEE918-B618-441F-8C88-9B62799E5AAA}.Debug|Any CPU.Build.0 = Debug|Any CPU
		{93AEE918-B618-441F-8C88-9B62799E5AAA}.Release|Any CPU.ActiveCfg = Release|Any CPU
		{93AEE918-B618-441F-8C88-9B62799E5AAA}.Release|Any CPU.Build.0 = Release|Any CPU
	EndGlobalSection
	GlobalSection(SolutionProperties) = preSolution
		HideSolutionNode = FALSE
	EndGlobalSection
	GlobalSection(ExtensibilityGlobals) = postSolution
		SolutionGuid = {C298734E-96EF-417C-BA80-94B2D79B1B70}
	EndGlobalSection
EndGlobal
